{
    "_meta": {
        "hash": {
            "sha256": "1cb9f756e1ef5239abec3b3f2f95a5e7c0da6a1f1f5ce1843a9288065906d598"
        },
        "pipfile-spec": 6,
        "requires": {
            "python_version": "3.8"
        },
        "sources": [
            {
                "name": "pypi",
                "url": "https://pypi.org/simple",
                "verify_ssl": true
            }
        ]
    },
    "default": {
        "certifi": {
            "hashes": [
                "sha256:5930595817496dd21bb8dc35dad090f1c2cd0adfaf21204bf6732ca5d8ee34d3",
                "sha256:8fc0819f1f30ba15bdb34cceffb9ef04d99f420f68eb75d901e9560b8749fc41"
            ],
            "version": "==2020.6.20"
        },
        "chardet": {
            "hashes": [
                "sha256:84ab92ed1c4d4f16916e05906b6b75a6c0fb5db821cc65e70cbd64a3e2a5eaae",
                "sha256:fc323ffcaeaed0e0a02bf4d117757b98aed530d9ed4531e3e15460124c106691"
            ],
            "version": "==3.0.4"
        },
        "click": {
            "hashes": [
                "sha256:d2b5255c7c6349bc1bd1e59e08cd12acbbd63ce649f2588755783aa94dfb6b1a",
                "sha256:dacca89f4bfadd5de3d7489b7c8a566eee0d3676333fbb50030263894c38c0dc"
            ],
            "markers": "python_version >= '2.7' and python_version not in '3.0, 3.1, 3.2, 3.3, 3.4'",
            "version": "==7.1.2"
        },
        "fastapi": {
            "hashes": [
                "sha256:61ed73b4304413a2ea618d1b95ea866ee386e0e62dd8659c4f5059286f4a39c2",
                "sha256:6cc31bb555dd8ca956d1d227477d661e4ac012337242a41d36214ffbda78bfe9"
            ],
            "index": "pypi",
            "version": "==0.61.1"
        },
        "filelock": {
            "hashes": [
                "sha256:18d82244ee114f543149c66a6e0c14e9c4f8a1044b5cdaadd0f82159d6a6ff59",
                "sha256:929b7d63ec5b7d6b71b0fa5ac14e030b3f70b75747cef1b10da9b879fef15836"
            ],
            "version": "==3.0.12"
        },
        "gdown": {
            "hashes": [
                "sha256:4b3a1301e57bfd8dce939bf25ef8fbb4b23967fd0f878eede328bdcc41386bac"
            ],
            "index": "pypi",
            "version": "==3.12.2"
        },
        "h11": {
            "hashes": [
                "sha256:3c6c61d69c6f13d41f1b80ab0322f1872702a3ba26e12aa864c928f6a43fbaab",
                "sha256:ab6c335e1b6ef34b205d5ca3e228c9299cc7218b049819ec84a388c2525e5d87"
            ],
            "version": "==0.11.0"
        },
        "idna": {
            "hashes": [
                "sha256:b307872f855b18632ce0c21c5e45be78c0ea7ae4c15c828c20788b26921eb3f6",
                "sha256:b97d804b1e9b523befed77c48dacec60e6dcb0b5391d57af6a65a312a90648c0"
            ],
            "markers": "python_version >= '2.7' and python_version not in '3.0, 3.1, 3.2, 3.3'",
            "version": "==2.10"
        },
        "joblib": {
            "hashes": [
                "sha256:698c311779f347cf6b7e6b8a39bb682277b8ee4aba8cf9507bc0cf4cd4737b72",
                "sha256:9e284edd6be6b71883a63c9b7f124738a3c16195513ad940eae7e3438de885d5"
            ],
            "markers": "python_version >= '3.6'",
            "version": "==0.17.0"
        },
        "numpy": {
            "hashes": [
                "sha256:08308c38e44cc926bdfce99498b21eec1f848d24c302519e64203a8da99a97db",
                "sha256:09c12096d843b90eafd01ea1b3307e78ddd47a55855ad402b157b6c4862197ce",
                "sha256:13d166f77d6dc02c0a73c1101dd87fdf01339febec1030bd810dcd53fff3b0f1",
                "sha256:141ec3a3300ab89c7f2b0775289954d193cc8edb621ea05f99db9cb181530512",
                "sha256:16c1b388cc31a9baa06d91a19366fb99ddbe1c7b205293ed072211ee5bac1ed2",
                "sha256:18bed2bcb39e3f758296584337966e68d2d5ba6aab7e038688ad53c8f889f757",
                "sha256:1aeef46a13e51931c0b1cf8ae1168b4a55ecd282e6688fdb0a948cc5a1d5afb9",
                "sha256:27d3f3b9e3406579a8af3a9f262f5339005dd25e0ecf3cf1559ff8a49ed5cbf2",
                "sha256:2a2740aa9733d2e5b2dfb33639d98a64c3b0f24765fed86b0fd2aec07f6a0a08",
                "sha256:4377e10b874e653fe96985c05feed2225c912e328c8a26541f7fc600fb9c637b",
                "sha256:448ebb1b3bf64c0267d6b09a7cba26b5ae61b6d2dbabff7c91b660c7eccf2bdb",
                "sha256:50e86c076611212ca62e5a59f518edafe0c0730f7d9195fec718da1a5c2bb1fc",
                "sha256:5734bdc0342aba9dfc6f04920988140fb41234db42381cf7ccba64169f9fe7ac",
                "sha256:64324f64f90a9e4ef732be0928be853eee378fd6a01be21a0a8469c4f2682c83",
                "sha256:6ae6c680f3ebf1cf7ad1d7748868b39d9f900836df774c453c11c5440bc15b36",
                "sha256:6d7593a705d662be5bfe24111af14763016765f43cb6923ed86223f965f52387",
                "sha256:8cac8790a6b1ddf88640a9267ee67b1aee7a57dfa2d2dd33999d080bc8ee3a0f",
                "sha256:8ece138c3a16db8c1ad38f52eb32be6086cc72f403150a79336eb2045723a1ad",
                "sha256:9eeb7d1d04b117ac0d38719915ae169aa6b61fca227b0b7d198d43728f0c879c",
                "sha256:a09f98011236a419ee3f49cedc9ef27d7a1651df07810ae430a6b06576e0b414",
                "sha256:a5d897c14513590a85774180be713f692df6fa8ecf6483e561a6d47309566f37",
                "sha256:ad6f2ff5b1989a4899bf89800a671d71b1612e5ff40866d1f4d8bcf48d4e5764",
                "sha256:c42c4b73121caf0ed6cd795512c9c09c52a7287b04d105d112068c1736d7c753",
                "sha256:cb1017eec5257e9ac6209ac172058c430e834d5d2bc21961dceeb79d111e5909",
                "sha256:d6c7bb82883680e168b55b49c70af29b84b84abb161cbac2800e8fcb6f2109b6",
                "sha256:e452dc66e08a4ce642a961f134814258a082832c78c90351b75c41ad16f79f63",
                "sha256:e5b6ed0f0b42317050c88022349d994fe72bfe35f5908617512cd8c8ef9da2a9",
                "sha256:e9b30d4bd69498fc0c3fe9db5f62fffbb06b8eb9321f92cc970f2969be5e3949",
                "sha256:ec149b90019852266fec2341ce1db513b843e496d5a8e8cdb5ced1923a92faab",
                "sha256:edb01671b3caae1ca00881686003d16c2209e07b7ef8b7639f1867852b948f7c",
                "sha256:f0d3929fe88ee1c155129ecd82f981b8856c5d97bcb0d5f23e9b4242e79d1de3",
                "sha256:f29454410db6ef8126c83bd3c968d143304633d45dc57b51252afbd79d700893",
                "sha256:fe45becb4c2f72a0907c1d0246ea6449fe7a9e2293bb0e11c4e9a32bb0930a15",
                "sha256:fedbd128668ead37f33917820b704784aff695e0019309ad446a6d0b065b57e4"
            ],
            "markers": "python_version >= '3.6'",
            "version": "==1.19.4"
        },
        "packaging": {
            "hashes": [
                "sha256:4357f74f47b9c12db93624a82154e9b120fa8293699949152b22065d556079f8",
                "sha256:998416ba6962ae7fbd6596850b80e17859a5753ba17c32284f67bfff33784181"
            ],
            "markers": "python_version >= '2.7' and python_version not in '3.0, 3.1, 3.2, 3.3'",
            "version": "==20.4"
        },
        "protobuf": {
            "hashes": [
                "sha256:0bba42f439bf45c0f600c3c5993666fcb88e8441d011fad80a11df6f324eef33",
                "sha256:1e834076dfef9e585815757a2c7e4560c7ccc5962b9d09f831214c693a91b463",
                "sha256:339c3a003e3c797bc84499fa32e0aac83c768e67b3de4a5d7a5a9aa3b0da634c",
                "sha256:361acd76f0ad38c6e38f14d08775514fbd241316cce08deb2ce914c7dfa1184a",
                "sha256:3dee442884a18c16d023e52e32dd34a8930a889e511af493f6dc7d4d9bf12e4f",
                "sha256:4d1174c9ed303070ad59553f435846a2f877598f59f9afc1b89757bdf846f2a7",
                "sha256:5db9d3e12b6ede5e601b8d8684a7f9d90581882925c96acf8495957b4f1b204b",
                "sha256:6a82e0c8bb2bf58f606040cc5814e07715b2094caeba281e2e7d0b0e2e397db5",
                "sha256:8c35bcbed1c0d29b127c886790e9d37e845ffc2725cc1db4bd06d70f4e8359f4",
                "sha256:91c2d897da84c62816e2f473ece60ebfeab024a16c1751aaf31100127ccd93ec",
                "sha256:9c2e63c1743cba12737169c447374fab3dfeb18111a460a8c1a000e35836b18c",
                "sha256:9edfdc679a3669988ec55a989ff62449f670dfa7018df6ad7f04e8dbacb10630",
                "sha256:c0c5ab9c4b1eac0a9b838f1e46038c3175a95b0f2d944385884af72876bd6bc7",
                "sha256:c8abd7605185836f6f11f97b21200f8a864f9cb078a193fe3c9e235711d3ff1e",
                "sha256:d69697acac76d9f250ab745b46c725edf3e98ac24763990b24d58c16c642947a",
                "sha256:df3932e1834a64b46ebc262e951cd82c3cf0fa936a154f0a42231140d8237060",
                "sha256:e7662437ca1e0c51b93cadb988f9b353fa6b8013c0385d63a70c8a77d84da5f9",
                "sha256:f68eb9d03c7d84bd01c790948320b768de8559761897763731294e3bc316decb"
            ],
            "version": "==3.13.0"
        },
        "pydantic": {
            "hashes": [
                "sha256:01f0291f4951580f320f7ae3f2ecaf0044cdebcc9b45c5f882a7e84453362420",
                "sha256:0fe8b45d31ae53d74a6aa0bf801587bd49970070eac6a6326f9fa2a302703b8a",
                "sha256:2182ba2a9290964b278bcc07a8d24207de709125d520efec9ad6fa6f92ee058d",
                "sha256:2c1673633ad1eea78b1c5c420a47cd48717d2ef214c8230d96ca2591e9e00958",
                "sha256:388c0c26c574ff49bad7d0fd6ed82fbccd86a0473fa3900397d3354c533d6ebb",
                "sha256:4ba6b903e1b7bd3eb5df0e78d7364b7e831ed8b4cd781ebc3c4f1077fbcb72a4",
                "sha256:6665f7ab7fbbf4d3c1040925ff4d42d7549a8c15fe041164adfe4fc2134d4cce",
                "sha256:95d4410c4e429480c736bba0db6cce5aaa311304aea685ebcf9ee47571bfd7c8",
                "sha256:a2fc7bf77ed4a7a961d7684afe177ff59971828141e608f142e4af858e07dddc",
                "sha256:a3c274c49930dc047a75ecc865e435f3df89715c775db75ddb0186804d9b04d0",
                "sha256:ab1d5e4d8de00575957e1c982b951bffaedd3204ddd24694e3baca3332e53a23",
                "sha256:b11fc9530bf0698c8014b2bdb3bbc50243e82a7fa2577c8cfba660bcc819e768",
                "sha256:b9572c0db13c8658b4a4cb705dcaae6983aeb9842248b36761b3fbc9010b740f",
                "sha256:c68b5edf4da53c98bb1ccb556ae8f655575cb2e676aef066c12b08c724a3f1a1",
                "sha256:c8200aecbd1fb914e1bd061d71a4d1d79ecb553165296af0c14989b89e90d09b",
                "sha256:c9760d1556ec59ff745f88269a8f357e2b7afc75c556b3a87b8dda5bc62da8ba",
                "sha256:ce2d452961352ba229fe1e0b925b41c0c37128f08dddb788d0fd73fd87ea0f66",
                "sha256:dfaa6ed1d509b5aef4142084206584280bb6e9014f01df931ec6febdad5b200a",
                "sha256:e5fece30e80087d9b7986104e2ac150647ec1658c4789c89893b03b100ca3164",
                "sha256:f045cf7afb3352a03bc6cb993578a34560ac24c5d004fa33c76efec6ada1361a",
                "sha256:f83f679e727742b0c465e7ef992d6da4a7e5268b8edd8fdaf5303276374bef52",
                "sha256:fc21a37ff3f545de80b166e1735c4172b41b017948a3fb2d5e2f03c219eac50a"
            ],
            "index": "pypi",
            "version": "==1.7.2"
        },
        "pyparsing": {
            "hashes": [
                "sha256:c203ec8783bf771a155b207279b9bccb8dea02d8f0c9e5f8ead507bc3246ecc1",
                "sha256:ef9d7589ef3c200abe66653d3f1ab1033c3c419ae9b9bdb1240a85b024efc88b"
            ],
            "markers": "python_version >= '2.6' and python_version not in '3.0, 3.1, 3.2'",
            "version": "==2.4.7"
        },
        "pysocks": {
            "hashes": [
                "sha256:08e69f092cc6dbe92a0fdd16eeb9b9ffbc13cadfe5ca4c7bd92ffb078b293299",
                "sha256:2725bd0a9925919b9b51739eea5f9e2bae91e83288108a9ad338b2e3a4435ee5",
                "sha256:3f8804571ebe159c380ac6de37643bb4685970655d3bba243530d6558b799aa0"
            ],
            "version": "==1.7.1"
        },
        "pyyaml": {
            "hashes": [
                "sha256:06a0d7ba600ce0b2d2fe2e78453a470b5a6e000a985dd4a4e54e436cc36b0e97",
                "sha256:240097ff019d7c70a4922b6869d8a86407758333f02203e0fc6ff79c5dcede76",
                "sha256:4f4b913ca1a7319b33cfb1369e91e50354d6f07a135f3b901aca02aa95940bd2",
                "sha256:69f00dca373f240f842b2931fb2c7e14ddbacd1397d57157a9b005a6a9942648",
                "sha256:73f099454b799e05e5ab51423c7bcf361c58d3206fa7b0d555426b1f4d9a3eaf",
                "sha256:74809a57b329d6cc0fdccee6318f44b9b8649961fa73144a98735b0aaf029f1f",
                "sha256:7739fc0fa8205b3ee8808aea45e968bc90082c10aef6ea95e855e10abf4a37b2",
                "sha256:95f71d2af0ff4227885f7a6605c37fd53d3a106fcab511b8860ecca9fcf400ee",
                "sha256:b8eac752c5e14d3eca0e6dd9199cd627518cb5ec06add0de9d32baeee6fe645d",
                "sha256:cc8955cfbfc7a115fa81d85284ee61147059a753344bc51098f3ccd69b0d7e0c",
                "sha256:d13155f591e6fcc1ec3b30685d50bf0711574e2c0dfffd7644babf8b5102ca1a"
            ],
            "version": "==5.3.1"
        },
        "regex": {
            "hashes": [
                "sha256:03855ee22980c3e4863dc84c42d6d2901133362db5daf4c36b710dd895d78f0a",
                "sha256:06b52815d4ad38d6524666e0d50fe9173533c9cc145a5779b89733284e6f688f",
                "sha256:11116d424734fe356d8777f89d625f0df783251ada95d6261b4c36ad27a394bb",
                "sha256:119e0355dbdd4cf593b17f2fc5dbd4aec2b8899d0057e4957ba92f941f704bf5",
                "sha256:127a9e0c0d91af572fbb9e56d00a504dbd4c65e574ddda3d45b55722462210de",
                "sha256:1ec66700a10e3c75f1f92cbde36cca0d3aaee4c73dfa26699495a3a30b09093c",
                "sha256:227a8d2e5282c2b8346e7f68aa759e0331a0b4a890b55a5cfbb28bd0261b84c0",
                "sha256:2564def9ce0710d510b1fc7e5178ce2d20f75571f788b5197b3c8134c366f50c",
                "sha256:297116e79074ec2a2f885d22db00ce6e88b15f75162c5e8b38f66ea734e73c64",
                "sha256:2dc522e25e57e88b4980d2bdd334825dbf6fa55f28a922fc3bfa60cc09e5ef53",
                "sha256:3a5f08039eee9ea195a89e180c5762bfb55258bfb9abb61a20d3abee3b37fd12",
                "sha256:3dfca201fa6b326239e1bccb00b915e058707028809b8ecc0cf6819ad233a740",
                "sha256:49461446b783945597c4076aea3f49aee4b4ce922bd241e4fcf62a3e7c61794c",
                "sha256:4afa350f162551cf402bfa3cd8302165c8e03e689c897d185f16a167328cc6dd",
                "sha256:4b5a9bcb56cc146c3932c648603b24514447eafa6ce9295234767bf92f69b504",
                "sha256:52e83a5f28acd621ba8e71c2b816f6541af7144b69cc5859d17da76c436a5427",
                "sha256:625116aca6c4b57c56ea3d70369cacc4d62fead4930f8329d242e4fe7a58ce4b",
                "sha256:654c1635f2313d0843028487db2191530bca45af61ca85d0b16555c399625b0e",
                "sha256:8092a5a06ad9a7a247f2a76ace121183dc4e1a84c259cf9c2ce3bbb69fac3582",
                "sha256:832339223b9ce56b7b15168e691ae654d345ac1635eeb367ade9ecfe0e66bee0",
                "sha256:8ca9dca965bd86ea3631b975d63b0693566d3cc347e55786d5514988b6f5b84c",
                "sha256:96f99219dddb33e235a37283306834700b63170d7bb2a1ee17e41c6d589c8eb9",
                "sha256:9b6305295b6591e45f069d3553c54d50cc47629eb5c218aac99e0f7fafbf90a1",
                "sha256:a62162be05edf64f819925ea88d09d18b09bebf20971b363ce0c24e8b4aa14c0",
                "sha256:aacc8623ffe7999a97935eeabbd24b1ae701d08ea8f874a6ff050e93c3e658cf",
                "sha256:b45bab9f224de276b7bc916f6306b86283f6aa8afe7ed4133423efb42015a898",
                "sha256:b88fa3b8a3469f22b4f13d045d9bd3eda797aa4e406fde0a2644bc92bbdd4bdd",
                "sha256:b8a686a6c98872007aa41fdbb2e86dc03b287d951ff4a7f1da77fb7f14113e4d",
                "sha256:bd904c0dec29bbd0769887a816657491721d5f545c29e30fd9d7a1a275dc80ab",
                "sha256:bf4f896c42c63d1f22039ad57de2644c72587756c0cfb3cc3b7530cfe228277f",
                "sha256:c13d311a4c4a8d671f5860317eb5f09591fbe8259676b86a85769423b544451e",
                "sha256:c2c6c56ee97485a127555c9595c069201b5161de9d05495fbe2132b5ac104786",
                "sha256:c32c91a0f1ac779cbd73e62430de3d3502bbc45ffe5bb6c376015acfa848144b",
                "sha256:c3466a84fce42c2016113101018a9981804097bacbab029c2d5b4fcb224b89de",
                "sha256:c454ad88e56e80e44f824ef8366bb7e4c3def12999151fd5c0ea76a18fe9aa3e",
                "sha256:c8a2b7ccff330ae4c460aff36626f911f918555660cc28163417cb84ffb25789",
                "sha256:cb905f3d2e290a8b8f1579d3984f2cfa7c3a29cc7cba608540ceeed18513f520",
                "sha256:cfcf28ed4ce9ced47b9b9670a4f0d3d3c0e4d4779ad4dadb1ad468b097f808aa",
                "sha256:dd3e6547ecf842a29cf25123fbf8d2461c53c8d37aa20d87ecee130c89b7079b",
                "sha256:de7fd57765398d141949946c84f3590a68cf5887dac3fc52388df0639b01eda4",
                "sha256:ea37320877d56a7f0a1e6a625d892cf963aa7f570013499f5b8d5ab8402b5625",
                "sha256:f1fce1e4929157b2afeb4bb7069204d4370bab9f4fc03ca1fbec8bd601f8c87d",
                "sha256:f43109822df2d3faac7aad79613f5f02e4eab0fc8ad7932d2e70e2a83bd49c26"
            ],
            "version": "==2020.10.28"
        },
        "requests": {
            "extras": [
                "socks"
            ],
            "hashes": [
                "sha256:b3559a131db72c33ee969480840fff4bb6dd111de7dd27c8ee1f820f4f00231b",
                "sha256:fe75cc94a9443b9246fc7049224f75604b113c36acb93f87b80ed42c44cbb898"
            ],
            "markers": "python_version >= '2.7' and python_version not in '3.0, 3.1, 3.2, 3.3, 3.4'",
            "version": "==2.24.0"
        },
        "sacremoses": {
            "hashes": [
                "sha256:123c1bf2664351fb05e16f87d3786dbe44a050cfd7b85161c09ad9a63a8e2948"
            ],
            "version": "==0.0.43"
        },
        "sentencepiece": {
            "hashes": [
                "sha256:05e6ef6a669d2e2d3232d95acfb2a9d255272484b898ea0650659d95448bf93f",
                "sha256:11bd70be4baf4e67b1714e43bcd1e7fed0ce04616a20388367299846fdaf712d",
                "sha256:1d7c9f52a2e32a7a2eb9685ddf74a86b5df94fcaccf37be661ac9bb5c9db4893",
                "sha256:1e6b711563163fc8cf2c873d08b4495244859e3f6d6c18859b524395d8550482",
                "sha256:232a882ebf074966e24943119ab83554642bd339bd5d6bd2641092133983bc6a",
                "sha256:295ef1ccf570c33728040a461cf837611495e8a5bd954012a5784fb3529ff460",
                "sha256:3f6c0b5c501053a2f9d99daccbf187f367ded5ae35e9e031feae56188b352433",
                "sha256:42d35adb51eb530d57c56c2cd445dbf9bd9db36bf82741aa5b42216f7f34c12d",
                "sha256:4c11b2fc89c71510a900e2dbd4d93fb18a867ce7160f298bb6bb8a581d646d63",
                "sha256:4d7d0844a57156b630fb98e21203c2755b342824b8c5a445e4ac78612c291218",
                "sha256:58db565195ee31efbaca9d00937f9f73aa131cc820c2ad46a39ac62f8671866f",
                "sha256:5c2969c4f62039d82f761c9548011bf39673a1eb8dc8f747943b88851523c943",
                "sha256:7b4867845e6935c43e37042a451d2ce84d9d97365300151a8c1c1cc724acad32",
                "sha256:7b6c794d30272a5e635e958fdb4976dd991bf35eed90441104a042b2e51723c7",
                "sha256:849d74885f6f7af03a5d354b919bf23c757f94257d7a068bc464efd70d651e3a",
                "sha256:88ef71e36b09ddd53498064efaec5470a09698df2427362cc4e86198d88aa01e",
                "sha256:995e645a94107e46317987d348216a0fb1ae3a8befec9c99cc506b8994aa133d",
                "sha256:9c8476febe8eb0a165cf04192ebd2b15124d83cfc44269e10d2a83ace677f109",
                "sha256:9c87f759dddefff52c12d4a3500a00faf22ea476a004c33c78794699069d8fc9",
                "sha256:9d2245d400424ab261e3253308001606668126a08efdc19ee2c348b0e228e1e1",
                "sha256:9d446ad41744a898f34800ee492553b4a24255a0f922cb32fe33a3c0a865d153",
                "sha256:a75f418bd92c6c92e2ee0c95e89b45b76bc54e45ed7cf2b3b74d313b263d1baa",
                "sha256:a89d90b45ba5025fcd19cad685c7572624a036d883091af967a75f3793c2aee4",
                "sha256:b01057743c2488c8d6e7b45b0732ee23976ac3d58d11cd90390cbc3221c07402",
                "sha256:b5e3eedad0ef5b3a4ae1d201fc0edc7f4b4d567c016913d4b996ebf0ab66748b",
                "sha256:bf524fa6243cfd05a04f65a6b17516ddd58438adf3c35df02ca3ebb832270a47",
                "sha256:c571b26017d8dd1c47dc2eeae09caa15cfe3d2f31fb01f004d463403a1f1349b",
                "sha256:c9d440d9ecf8c8787b89bc8596f7a47c548a9968f802d654faaf5652598ffbb0",
                "sha256:cbde526df19d6bcfa2b8503b2a4bf6996dd3172f631fd2b7efd7b6435d96407c",
                "sha256:cd6434909e1c8494b3254bf3150420e45489214d9bc7ab6ad4d1804d75d6d58f",
                "sha256:db744b73b5a5fd7adfa5cfc4eb4b7d0f408c2059783fd52c934b49743a0d2326",
                "sha256:e4aef0be184f3c5b72a1c3f7e01fbf245eb3b3c70365f823e24542008afe387f",
                "sha256:e5074d8239dcc6130dce8ffd734ab797f86679fc75a4a1d96adc243293178c05",
                "sha256:ed49f1187a25db531e2ad95718a5640a3f7e0467bc82e4267cc6f7b6caa3054a",
                "sha256:fb31a1827da0de50dc8ca33d4e657121594092c7231a4fb2d6a86149dfd98bc5",
                "sha256:fd12969cf8420870bee743398e2e60f722d1ffdf9d201dc1d6b09096c971bfd9",
                "sha256:fee3e6849b9e0cef774fb003ba2950b282b1910cdd761794bbf8dc0aa9d5f7d3"
            ],
            "version": "==0.1.94"
        },
        "six": {
            "hashes": [
                "sha256:30639c035cdb23534cd4aa2dd52c3bf48f06e5f4a941509c8bafd8ce11080259",
                "sha256:8b74bedcbbbaca38ff6d7491d76f2b06b3592611af620f8426e82dddb04a5ced"
            ],
            "markers": "python_version >= '2.7' and python_version not in '3.0, 3.1, 3.2'",
            "version": "==1.15.0"
        },
        "starlette": {
            "hashes": [
                "sha256:bd2ffe5e37fb75d014728511f8e68ebf2c80b0fa3d04ca1479f4dc752ae31ac9",
                "sha256:ebe8ee08d9be96a3c9f31b2cb2a24dbdf845247b745664bd8a3f9bd0c977fdbc"
            ],
            "markers": "python_version >= '3.6'",
            "version": "==0.13.6"
        },
        "tokenizers": {
            "hashes": [
                "sha256:031d1533ac5bc69a6cc2f3c0b953c9a52449fa9d403dff4d19b87c2f4d1014c5",
                "sha256:0d01aef20d8aae938b6e00aaaf8bc5a4c31c5166f79b83fa69209480cf3d5652",
                "sha256:16ab11023a4523816ba402022a9a920577d92d62919f9a98560f4f729588eabe",
                "sha256:2121ab6818a76fc632d27bb640da306b8d6287ede661a388df3395c5a44ea1a7",
                "sha256:50537b39f76de9a0bbf37876df2844ea1c85a67289b3914a0fb1c8be30cd5262",
                "sha256:5d9c30a985dbcca184e92acd961f80dc95e62fb826bb5c6491201f1d4f355669",
                "sha256:6ba1337b5decd5c49f3db97fd9b202f74c249aca6e65899062df9cb083fefa60",
                "sha256:7bd8ca09ce0f4a21f237d866f1d0314b41d4b7cd39fcc053c20e97aecb94ff5a",
                "sha256:85dd00c117a4802747249aad41b3f5162ea78bb78e2e204f168e99562bab9a6d",
                "sha256:87aff23a47fcffd98a8b5777bd4bcb6c9cb7baa77996dc8b9f62379bba6912cc",
                "sha256:9435879d4ed9fba19d4515ab4668ec9dc092e8c288c73ad3cc366f8617289fc1",
                "sha256:a5fb94fc91a5588a1404f347289bbf407d9140e6d4814465a29025792bfdd1db",
                "sha256:a7c7379a319fa2c945bb2e77fde143f7bdf3ba5b25a5d1b72078a7d2a4381ba3",
                "sha256:ad2789e96a647e7451fe5af004426a2c5390fc7b55d16a9c8e8b087096ba8955",
                "sha256:d3602256170f97d245c2223f82e47863a50e077c4e4bfe3bf37bc9d70d099277",
                "sha256:e3f2cbb65cecd3580477ad7eda67781738786e0d3ecdaf184b75b20b6deae314",
                "sha256:f841e57e8c8af176f9af1e18d344283bb555354e2afed3d4000ff882147e1445"
            ],
            "version": "==0.9.2"
        },
        "torch": {
            "hashes": [
                "sha256:a43e37f8f927c5b18f80cd163daaf6a1920edafcab5102e02e3e14bb97d9c874"
            ],
            "index": "pypi",
            "version": "==0.1.2.post2"
        },
        "tqdm": {
            "hashes": [
                "sha256:9ad44aaf0fc3697c06f6e05c7cf025dd66bc7bcb7613c66d85f4464c47ac8fad",
                "sha256:ef54779f1c09f346b2b5a8e5c61f96fbcb639929e640e59f8cf810794f406432"
            ],
            "markers": "python_version >= '2.6' and python_version not in '3.0, 3.1'",
            "version": "==4.51.0"
        },
        "transformers": {
            "hashes": [
                "sha256:3a2924149272737343f4dd061ecf3578806e62dce1b7bee52686145616709696",
                "sha256:642bd28a50fa6faa8b867f420ff15207a6ce28e72a058e7b09a74f7a98e4e4e0"
            ],
            "index": "pypi",
            "version": "==3.4.0"
        },
        "urllib3": {
            "hashes": [
                "sha256:8d7eaa5a82a1cac232164990f04874c594c9453ec55eef02eab885aa02fc17a2",
                "sha256:f5321fbe4bf3fefa0efd0bfe7fb14e90909eb62a48ccda331726b4319897dd5e"
            ],
            "markers": "python_version >= '2.7' and python_version not in '3.0, 3.1, 3.2, 3.3, 3.4' and python_version < '4'",
            "version": "==1.25.11"
        },
        "uvicorn": {
            "hashes": [
                "sha256:8ff7495c74b8286a341526ff9efa3988ebab9a4b2f561c7438c3cb420992d7dd",
                "sha256:e5dbed4a8a44c7b04376021021d63798d6a7bcfae9c654a0b153577b93854fba"
            ],
            "index": "pypi",
            "version": "==0.12.2"
        }
    },
    "develop": {
        "appdirs": {
            "hashes": [
                "sha256:7d5d0167b2b1ba821647616af46a749d1c653740dd0d2415100fe26e27afdf41",
                "sha256:a841dacd6b99318a741b166adb07e19ee71a274450e68237b4650ca1055ab128"
            ],
            "version": "==1.4.4"
        },
        "attrs": {
            "hashes": [
                "sha256:26b54ddbbb9ee1d34d5d3668dd37d6cf74990ab23c828c2888dccdceee395594",
                "sha256:fce7fc47dfc976152e82d53ff92fa0407700c21acd20886a13777a0d20e655dc"
            ],
            "markers": "python_version >= '2.7' and python_version not in '3.0, 3.1, 3.2, 3.3'",
            "version": "==20.2.0"
        },
        "black": {
            "hashes": [
                "sha256:1b30e59be925fafc1ee4565e5e08abef6b03fe455102883820fe5ee2e4734e0b",
                "sha256:c2edb73a08e9e0e6f65a0e6af18b059b8b1cdd5bef997d7a0b181df93dc81539"
            ],
            "index": "pypi",
            "version": "==19.10b0"
        },
        "certifi": {
            "hashes": [
                "sha256:5930595817496dd21bb8dc35dad090f1c2cd0adfaf21204bf6732ca5d8ee34d3",
                "sha256:8fc0819f1f30ba15bdb34cceffb9ef04d99f420f68eb75d901e9560b8749fc41"
            ],
            "version": "==2020.6.20"
        },
        "chardet": {
            "hashes": [
                "sha256:84ab92ed1c4d4f16916e05906b6b75a6c0fb5db821cc65e70cbd64a3e2a5eaae",
                "sha256:fc323ffcaeaed0e0a02bf4d117757b98aed530d9ed4531e3e15460124c106691"
            ],
            "version": "==3.0.4"
        },
        "click": {
            "hashes": [
                "sha256:d2b5255c7c6349bc1bd1e59e08cd12acbbd63ce649f2588755783aa94dfb6b1a",
                "sha256:dacca89f4bfadd5de3d7489b7c8a566eee0d3676333fbb50030263894c38c0dc"
            ],
            "markers": "python_version >= '2.7' and python_version not in '3.0, 3.1, 3.2, 3.3, 3.4'",
            "version": "==7.1.2"
        },
        "filelock": {
            "hashes": [
                "sha256:18d82244ee114f543149c66a6e0c14e9c4f8a1044b5cdaadd0f82159d6a6ff59",
                "sha256:929b7d63ec5b7d6b71b0fa5ac14e030b3f70b75747cef1b10da9b879fef15836"
            ],
            "version": "==3.0.12"
        },
        "flake8": {
            "hashes": [
                "sha256:749dbbd6bfd0cf1318af27bf97a14e28e5ff548ef8e5b1566ccfb25a11e7c839",
                "sha256:aadae8761ec651813c24be05c6f7b4680857ef6afaae4651a4eccaef97ce6c3b"
            ],
            "index": "pypi",
            "version": "==3.8.4"
        },
        "gdown": {
            "hashes": [
                "sha256:4b3a1301e57bfd8dce939bf25ef8fbb4b23967fd0f878eede328bdcc41386bac"
            ],
            "index": "pypi",
            "version": "==3.12.2"
        },
        "idna": {
            "hashes": [
                "sha256:b307872f855b18632ce0c21c5e45be78c0ea7ae4c15c828c20788b26921eb3f6",
                "sha256:b97d804b1e9b523befed77c48dacec60e6dcb0b5391d57af6a65a312a90648c0"
            ],
            "markers": "python_version >= '2.7' and python_version not in '3.0, 3.1, 3.2, 3.3'",
            "version": "==2.10"
        },
        "isort": {
            "hashes": [
                "sha256:dcab1d98b469a12a1a624ead220584391648790275560e1a43e54c5dceae65e7",
                "sha256:dcaeec1b5f0eca77faea2a35ab790b4f3680ff75590bfcb7145986905aab2f58"
            ],
            "index": "pypi",
            "version": "==5.6.4"
        },
        "mccabe": {
            "hashes": [
                "sha256:ab8a6258860da4b6677da4bd2fe5dc2c659cff31b3ee4f7f5d64e79735b80d42",
                "sha256:dd8d182285a0fe56bace7f45b5e7d1a6ebcbf524e8f3bd87eb0f125271b8831f"
            ],
            "version": "==0.6.1"
        },
        "pathspec": {
            "hashes": [
                "sha256:7d91249d21749788d07a2d0f94147accd8f845507400749ea19c1ec9054a12b0",
                "sha256:da45173eb3a6f2a5a487efba21f050af2b41948be6ab52b6a1e3ff22bb8b7061"
            ],
            "version": "==0.8.0"
        },
        "pycodestyle": {
            "hashes": [
                "sha256:2295e7b2f6b5bd100585ebcb1f616591b652db8a741695b3d8f5d28bdc934367",
                "sha256:c58a7d2815e0e8d7972bf1803331fb0152f867bd89adf8a01dfd55085434192e"
            ],
            "markers": "python_version >= '2.7' and python_version not in '3.0, 3.1, 3.2, 3.3'",
            "version": "==2.6.0"
        },
        "pyflakes": {
            "hashes": [
                "sha256:0d94e0e05a19e57a99444b6ddcf9a6eb2e5c68d3ca1e98e90707af8152c90a92",
                "sha256:35b2d75ee967ea93b55750aa9edbbf72813e06a66ba54438df2cfac9e3c27fc8"
            ],
            "markers": "python_version >= '2.7' and python_version not in '3.0, 3.1, 3.2, 3.3'",
            "version": "==2.2.0"
        },
        "pysocks": {
            "hashes": [
                "sha256:08e69f092cc6dbe92a0fdd16eeb9b9ffbc13cadfe5ca4c7bd92ffb078b293299",
                "sha256:2725bd0a9925919b9b51739eea5f9e2bae91e83288108a9ad338b2e3a4435ee5",
                "sha256:3f8804571ebe159c380ac6de37643bb4685970655d3bba243530d6558b799aa0"
            ],
            "version": "==1.7.1"
        },
        "regex": {
            "hashes": [
                "sha256:03855ee22980c3e4863dc84c42d6d2901133362db5daf4c36b710dd895d78f0a",
                "sha256:06b52815d4ad38d6524666e0d50fe9173533c9cc145a5779b89733284e6f688f",
                "sha256:11116d424734fe356d8777f89d625f0df783251ada95d6261b4c36ad27a394bb",
                "sha256:119e0355dbdd4cf593b17f2fc5dbd4aec2b8899d0057e4957ba92f941f704bf5",
                "sha256:127a9e0c0d91af572fbb9e56d00a504dbd4c65e574ddda3d45b55722462210de",
                "sha256:1ec66700a10e3c75f1f92cbde36cca0d3aaee4c73dfa26699495a3a30b09093c",
                "sha256:227a8d2e5282c2b8346e7f68aa759e0331a0b4a890b55a5cfbb28bd0261b84c0",
                "sha256:2564def9ce0710d510b1fc7e5178ce2d20f75571f788b5197b3c8134c366f50c",
                "sha256:297116e79074ec2a2f885d22db00ce6e88b15f75162c5e8b38f66ea734e73c64",
                "sha256:2dc522e25e57e88b4980d2bdd334825dbf6fa55f28a922fc3bfa60cc09e5ef53",
                "sha256:3a5f08039eee9ea195a89e180c5762bfb55258bfb9abb61a20d3abee3b37fd12",
                "sha256:3dfca201fa6b326239e1bccb00b915e058707028809b8ecc0cf6819ad233a740",
                "sha256:49461446b783945597c4076aea3f49aee4b4ce922bd241e4fcf62a3e7c61794c",
                "sha256:4afa350f162551cf402bfa3cd8302165c8e03e689c897d185f16a167328cc6dd",
                "sha256:4b5a9bcb56cc146c3932c648603b24514447eafa6ce9295234767bf92f69b504",
                "sha256:52e83a5f28acd621ba8e71c2b816f6541af7144b69cc5859d17da76c436a5427",
                "sha256:625116aca6c4b57c56ea3d70369cacc4d62fead4930f8329d242e4fe7a58ce4b",
                "sha256:654c1635f2313d0843028487db2191530bca45af61ca85d0b16555c399625b0e",
                "sha256:8092a5a06ad9a7a247f2a76ace121183dc4e1a84c259cf9c2ce3bbb69fac3582",
                "sha256:832339223b9ce56b7b15168e691ae654d345ac1635eeb367ade9ecfe0e66bee0",
                "sha256:8ca9dca965bd86ea3631b975d63b0693566d3cc347e55786d5514988b6f5b84c",
                "sha256:96f99219dddb33e235a37283306834700b63170d7bb2a1ee17e41c6d589c8eb9",
                "sha256:9b6305295b6591e45f069d3553c54d50cc47629eb5c218aac99e0f7fafbf90a1",
                "sha256:a62162be05edf64f819925ea88d09d18b09bebf20971b363ce0c24e8b4aa14c0",
                "sha256:aacc8623ffe7999a97935eeabbd24b1ae701d08ea8f874a6ff050e93c3e658cf",
                "sha256:b45bab9f224de276b7bc916f6306b86283f6aa8afe7ed4133423efb42015a898",
                "sha256:b88fa3b8a3469f22b4f13d045d9bd3eda797aa4e406fde0a2644bc92bbdd4bdd",
                "sha256:b8a686a6c98872007aa41fdbb2e86dc03b287d951ff4a7f1da77fb7f14113e4d",
                "sha256:bd904c0dec29bbd0769887a816657491721d5f545c29e30fd9d7a1a275dc80ab",
                "sha256:bf4f896c42c63d1f22039ad57de2644c72587756c0cfb3cc3b7530cfe228277f",
                "sha256:c13d311a4c4a8d671f5860317eb5f09591fbe8259676b86a85769423b544451e",
                "sha256:c2c6c56ee97485a127555c9595c069201b5161de9d05495fbe2132b5ac104786",
                "sha256:c32c91a0f1ac779cbd73e62430de3d3502bbc45ffe5bb6c376015acfa848144b",
                "sha256:c3466a84fce42c2016113101018a9981804097bacbab029c2d5b4fcb224b89de",
                "sha256:c454ad88e56e80e44f824ef8366bb7e4c3def12999151fd5c0ea76a18fe9aa3e",
                "sha256:c8a2b7ccff330ae4c460aff36626f911f918555660cc28163417cb84ffb25789",
                "sha256:cb905f3d2e290a8b8f1579d3984f2cfa7c3a29cc7cba608540ceeed18513f520",
                "sha256:cfcf28ed4ce9ced47b9b9670a4f0d3d3c0e4d4779ad4dadb1ad468b097f808aa",
                "sha256:dd3e6547ecf842a29cf25123fbf8d2461c53c8d37aa20d87ecee130c89b7079b",
                "sha256:de7fd57765398d141949946c84f3590a68cf5887dac3fc52388df0639b01eda4",
                "sha256:ea37320877d56a7f0a1e6a625d892cf963aa7f570013499f5b8d5ab8402b5625",
                "sha256:f1fce1e4929157b2afeb4bb7069204d4370bab9f4fc03ca1fbec8bd601f8c87d",
                "sha256:f43109822df2d3faac7aad79613f5f02e4eab0fc8ad7932d2e70e2a83bd49c26"
            ],
            "version": "==2020.10.28"
        },
        "requests": {
            "extras": [
                "socks"
            ],
            "hashes": [
                "sha256:b3559a131db72c33ee969480840fff4bb6dd111de7dd27c8ee1f820f4f00231b",
                "sha256:fe75cc94a9443b9246fc7049224f75604b113c36acb93f87b80ed42c44cbb898"
            ],
            "markers": "python_version >= '2.7' and python_version not in '3.0, 3.1, 3.2, 3.3, 3.4'",
            "version": "==2.24.0"
        },
        "six": {
            "hashes": [
                "sha256:30639c035cdb23534cd4aa2dd52c3bf48f06e5f4a941509c8bafd8ce11080259",
                "sha256:8b74bedcbbbaca38ff6d7491d76f2b06b3592611af620f8426e82dddb04a5ced"
            ],
            "markers": "python_version >= '2.7' and python_version not in '3.0, 3.1, 3.2'",
            "version": "==1.15.0"
        },
        "toml": {
            "hashes": [
                "sha256:806143ae5bfb6a3c6e736a764057db0e6a0e05e338b5630894a5f779cabb4f9b",
                "sha256:b3bda1d108d5dd99f4a20d24d9c348e91c4db7ab1b749200bded2f839ccbe68f"
            ],
            "markers": "python_version >= '2.6' and python_version not in '3.0, 3.1, 3.2'",
            "version": "==0.10.2"
        },
        "tqdm": {
            "hashes": [
                "sha256:9ad44aaf0fc3697c06f6e05c7cf025dd66bc7bcb7613c66d85f4464c47ac8fad",
                "sha256:ef54779f1c09f346b2b5a8e5c61f96fbcb639929e640e59f8cf810794f406432"
            ],
            "markers": "python_version >= '2.6' and python_version not in '3.0, 3.1'",
            "version": "==4.51.0"
        },
        "typed-ast": {
            "hashes": [
                "sha256:0666aa36131496aed8f7be0410ff974562ab7eeac11ef351def9ea6fa28f6355",
                "sha256:0c2c07682d61a629b68433afb159376e24e5b2fd4641d35424e462169c0a7919",
                "sha256:0d8110d78a5736e16e26213114a38ca35cb15b6515d535413b090bd50951556d",
                "sha256:249862707802d40f7f29f6e1aad8d84b5aa9e44552d2cc17384b209f091276aa",
                "sha256:24995c843eb0ad11a4527b026b4dde3da70e1f2d8806c99b7b4a7cf491612652",
                "sha256:269151951236b0f9a6f04015a9004084a5ab0d5f19b57de779f908621e7d8b75",
                "sha256:3742b32cf1c6ef124d57f95be609c473d7ec4c14d0090e5a5e05a15269fb4d0c",
                "sha256:4083861b0aa07990b619bd7ddc365eb7fa4b817e99cf5f8d9cf21a42780f6e01",
                "sha256:498b0f36cc7054c1fead3d7fc59d2150f4d5c6c56ba7fb150c013fbc683a8d2d",
                "sha256:4e3e5da80ccbebfff202a67bf900d081906c358ccc3d5e3c8aea42fdfdfd51c1",
                "sha256:6daac9731f172c2a22ade6ed0c00197ee7cc1221aa84cfdf9c31defeb059a907",
                "sha256:715ff2f2df46121071622063fc7543d9b1fd19ebfc4f5c8895af64a77a8c852c",
                "sha256:73d785a950fc82dd2a25897d525d003f6378d1cb23ab305578394694202a58c3",
                "sha256:7e4c9d7658aaa1fc80018593abdf8598bf91325af6af5cce4ce7c73bc45ea53d",
                "sha256:8c8aaad94455178e3187ab22c8b01a3837f8ee50e09cf31f1ba129eb293ec30b",
                "sha256:8ce678dbaf790dbdb3eba24056d5364fb45944f33553dd5869b7580cdbb83614",
                "sha256:92c325624e304ebf0e025d1224b77dd4e6393f18aab8d829b5b7e04afe9b7a2c",
                "sha256:aaee9905aee35ba5905cfb3c62f3e83b3bec7b39413f0a7f19be4e547ea01ebb",
                "sha256:b52ccf7cfe4ce2a1064b18594381bccf4179c2ecf7f513134ec2f993dd4ab395",
                "sha256:bcd3b13b56ea479b3650b82cabd6b5343a625b0ced5429e4ccad28a8973f301b",
                "sha256:c9e348e02e4d2b4a8b2eedb48210430658df6951fa484e59de33ff773fbd4b41",
                "sha256:d205b1b46085271b4e15f670058ce182bd1199e56b317bf2ec004b6a44f911f6",
                "sha256:d43943ef777f9a1c42bf4e552ba23ac77a6351de620aa9acf64ad54933ad4d34",
                "sha256:d5d33e9e7af3b34a40dc05f498939f0ebf187f07c385fd58d591c533ad8562fe",
                "sha256:d648b8e3bf2fe648745c8ffcee3db3ff903d0817a01a12dd6a6ea7a8f4889072",
                "sha256:f208eb7aff048f6bea9586e61af041ddf7f9ade7caed625742af423f6bae3298",
                "sha256:fac11badff8313e23717f3dada86a15389d0708275bddf766cca67a84ead3e91",
                "sha256:fc0fea399acb12edbf8a628ba8d2312f583bdbdb3335635db062fa98cf71fca4",
                "sha256:fcf135e17cc74dbfbc05894ebca928ffeb23d9790b3167a674921db19082401f",
                "sha256:fe460b922ec15dd205595c9b5b99e2f056fd98ae8f9f56b888e7a17dc2b757e7"
            ],
            "version": "==1.4.1"
        },
        "urllib3": {
            "hashes": [
                "sha256:8d7eaa5a82a1cac232164990f04874c594c9453ec55eef02eab885aa02fc17a2",
                "sha256:f5321fbe4bf3fefa0efd0bfe7fb14e90909eb62a48ccda331726b4319897dd5e"
            ],
            "markers": "python_version >= '2.7' and python_version not in '3.0, 3.1, 3.2, 3.3, 3.4' and python_version < '4'",
            "version": "==1.25.11"
        }
    }
}
